
Microsoft Visual Studio Solution File, Format Version 12.00
# Visual Studio Version 17
VisualStudioVersion = 17.1.32328.378
MinimumVisualStudioVersion = 10.0.40219.1
Project("{8BC9CEB8-8B4A-11D0-8D11-00A0C91BC942}") = "Forge", "Forge\Forge.vcxproj", "{4AAD0BAA-90F7-4026-AB0A-14D22387E872}"
EndProject
Project("{8BC9CEB8-8B4A-11D0-8D11-00A0C91BC942}") = "Sandbox", "Sandbox\Sandbox.vcxproj", "{6F258602-08FF-4ECD-8A0B-8BC3017B0CA4}"
EndProject
Global
	GlobalSection(SolutionConfigurationPlatforms) = preSolution
		Debug|x64 = Debug|x64
		Release|x64 = Release|x64
	EndGlobalSection
	GlobalSection(ProjectConfigurationPlatforms) = postSolution
		{4AAD0BAA-90F7-4026-AB0A-14D22387E872}.Debug|x64.ActiveCfg = Debug|x64
		{4AAD0BAA-90F7-4026-AB0A-14D22387E872}.Debug|x64.Build.0 = Debug|x64
		{4AAD0BAA-90F7-4026-AB0A-14D22387E872}.Release|x64.ActiveCfg = Release|x64
		{4AAD0BAA-90F7-4026-AB0A-14D22387E872}.Release|x64.Build.0 = Release|x64
		{6F258602-08FF-4ECD-8A0B-8BC3017B0CA4}.Debug|x64.ActiveCfg = Debug|x64
		{6F258602-08FF-4ECD-8A0B-8BC3017B0CA4}.Debug|x64.Build.0 = Debug|x64
		{6F258602-08FF-4ECD-8A0B-8BC3017B0CA4}.Release|x64.ActiveCfg = Release|x64
		{6F258602-08FF-4ECD-8A0B-8BC3017B0CA4}.Release|x64.Build.0 = Release|x64
	EndGlobalSection
	GlobalSection(SolutionProperties) = preSolution
		HideSolutionNode = FALSE
	EndGlobalSection
	GlobalSection(ExtensibilityGlobals) = postSolution
		SolutionGuid = {0E62864C-2789-4F1B-9574-BC3758651DA7}
	EndGlobalSection
EndGlobal
